
Microsoft Visual Studio Solution File, Format Version 9.00
# Visual Studio 2005
Project("{8BC9CEB8-8B4A-11D0-8D11-00A0C91BC942}") = "EasyHost", "HostsMan.vcproj", "{679637F4-5B6B-475C-B6A8-AD72B8D7A279}"
EndProject
Global
	GlobalSection(SolutionConfigurationPlatforms) = preSolution
		Debug|Win32 = Debug|Win32
		Release|Win32 = Release|Win32
	EndGlobalSection
	GlobalSection(ProjectConfigurationPlatforms) = postSolution
		{679637F4-5B6B-475C-B6A8-AD72B8D7A279}.Debug|Win32.ActiveCfg = Debug|Win32
		{679637F4-5B6B-475C-B6A8-AD72B8D7A279}.Debug|Win32.Build.0 = Debug|Win32
		{679637F4-5B6B-475C-B6A8-AD72B8D7A279}.Release|Win32.ActiveCfg = Release|Win32
		{679637F4-5B6B-475C-B6A8-AD72B8D7A279}.Release|Win32.Build.0 = Release|Win32
	EndGlobalSection
	GlobalSection(SolutionProperties) = preSolution
		HideSolutionNode = FALSE
	EndGlobalSection
EndGlobal
